
Microsoft Visual Studio Solution File, Format Version 12.00
# Visual Studio Version 17
VisualStudioVersion = 17.5.002.0
MinimumVisualStudioVersion = 10.0.40219.1
Project("{9A19103F-16F7-4668-BE54-9A1E7A4F7556}") = "Test", "Test.csproj", "{BA6F8957-27E3-43FF-94EB-1A8912DF9504}"
EndProject
Global
	GlobalSection(SolutionConfigurationPlatforms) = preSolution
		Debug|Any CPU = Debug|Any CPU
		Release|Any CPU = Release|Any CPU
	EndGlobalSection
	GlobalSection(ProjectConfigurationPlatforms) = postSolution
		{BA6F8957-27E3-43FF-94EB-1A8912DF9504}.Debug|Any CPU.ActiveCfg = Debug|Any CPU
		{BA6F8957-27E3-43FF-94EB-1A8912DF9504}.Debug|Any CPU.Build.0 = Debug|Any CPU
		{BA6F8957-27E3-43FF-94EB-1A8912DF9504}.Release|Any CPU.ActiveCfg = Release|Any CPU
		{BA6F8957-27E3-43FF-94EB-1A8912DF9504}.Release|Any CPU.Build.0 = Release|Any CPU
	EndGlobalSection
	GlobalSection(SolutionProperties) = preSolution
		HideSolutionNode = FALSE
	EndGlobalSection
	GlobalSection(ExtensibilityGlobals) = postSolution
		SolutionGuid = {A7472AC7-3B6C-4DA7-A03D-DF9763808C9C}
	EndGlobalSection
EndGlobal
